
Microsoft Visual Studio Solution File, Format Version 12.00
# Visual Studio Version 16
VisualStudioVersion = 16.0.30907.101
MinimumVisualStudioVersion = 10.0.40219.1
Project("{9A19103F-16F7-4668-BE54-9A1E7A4F7556}") = "SoftplanAPI1", "SoftplanAPI1\SoftplanAPI1.csproj", "{BA651EF5-9D86-4336-BEF9-F2CEF0F659B9}"
EndProject
Project("{9A19103F-16F7-4668-BE54-9A1E7A4F7556}") = "SoftplanAPI2", "SoftplanAPI2\SoftplanAPI2.csproj", "{B8FA7996-019A-4C2C-9681-17F8C50631AA}"
EndProject
Project("{E53339B2-1760-4266-BCC7-CA923CBCF16C}") = "docker-compose", "docker-compose.dcproj", "{1FCDACB7-F086-443C-95BF-A79A3F799FAA}"
EndProject
Global
	GlobalSection(SolutionConfigurationPlatforms) = preSolution
		Debug|Any CPU = Debug|Any CPU
		Release|Any CPU = Release|Any CPU
	EndGlobalSection
	GlobalSection(ProjectConfigurationPlatforms) = postSolution
		{BA651EF5-9D86-4336-BEF9-F2CEF0F659B9}.Debug|Any CPU.ActiveCfg = Debug|Any CPU
		{BA651EF5-9D86-4336-BEF9-F2CEF0F659B9}.Debug|Any CPU.Build.0 = Debug|Any CPU
		{BA651EF5-9D86-4336-BEF9-F2CEF0F659B9}.Release|Any CPU.ActiveCfg = Release|Any CPU
		{BA651EF5-9D86-4336-BEF9-F2CEF0F659B9}.Release|Any CPU.Build.0 = Release|Any CPU
		{B8FA7996-019A-4C2C-9681-17F8C50631AA}.Debug|Any CPU.ActiveCfg = Debug|Any CPU
		{B8FA7996-019A-4C2C-9681-17F8C50631AA}.Debug|Any CPU.Build.0 = Debug|Any CPU
		{B8FA7996-019A-4C2C-9681-17F8C50631AA}.Release|Any CPU.ActiveCfg = Release|Any CPU
		{B8FA7996-019A-4C2C-9681-17F8C50631AA}.Release|Any CPU.Build.0 = Release|Any CPU
		{1FCDACB7-F086-443C-95BF-A79A3F799FAA}.Debug|Any CPU.ActiveCfg = Debug|Any CPU
		{1FCDACB7-F086-443C-95BF-A79A3F799FAA}.Debug|Any CPU.Build.0 = Debug|Any CPU
		{1FCDACB7-F086-443C-95BF-A79A3F799FAA}.Release|Any CPU.ActiveCfg = Release|Any CPU
		{1FCDACB7-F086-443C-95BF-A79A3F799FAA}.Release|Any CPU.Build.0 = Release|Any CPU
	EndGlobalSection
	GlobalSection(SolutionProperties) = preSolution
		HideSolutionNode = FALSE
	EndGlobalSection
	GlobalSection(ExtensibilityGlobals) = postSolution
		SolutionGuid = {890FD8B3-AC23-4ED1-A9CB-EC9783BDBEA6}
	EndGlobalSection
EndGlobal
